
Microsoft Visual Studio Solution File, Format Version 12.00
# Visual Studio Version 16
VisualStudioVersion = 16.0.29201.188
MinimumVisualStudioVersion = 10.0.40219.1
Project("{9A19103F-16F7-4668-BE54-9A1E7A4F7556}") = "LICC", "LICC\LICC.csproj", "{C1FF6391-5150-4491-8F85-236C83C71C96}"
EndProject
Project("{9A19103F-16F7-4668-BE54-9A1E7A4F7556}") = "LICC.Console", "LICC.Console\LICC.Console.csproj", "{D63F86FB-CFE3-47A3-A6BB-094F07C7C186}"
EndProject
Project("{9A19103F-16F7-4668-BE54-9A1E7A4F7556}") = "Playground", "Playground\Playground.csproj", "{0F6B219E-611D-4A73-B52F-3BCC71BA3EB9}"
EndProject
Project("{FAE04EC0-301F-11D3-BF4B-00C04F79EFBC}") = "LICC.Test", "LICC.Test\LICC.Test.csproj", "{416223ED-5787-4C34-9780-3F48D29C3013}"
EndProject
Global
	GlobalSection(SolutionConfigurationPlatforms) = preSolution
		Debug|Any CPU = Debug|Any CPU
		Release|Any CPU = Release|Any CPU
	EndGlobalSection
	GlobalSection(ProjectConfigurationPlatforms) = postSolution
		{C1FF6391-5150-4491-8F85-236C83C71C96}.Debug|Any CPU.ActiveCfg = Debug|Any CPU
		{C1FF6391-5150-4491-8F85-236C83C71C96}.Debug|Any CPU.Build.0 = Debug|Any CPU
		{C1FF6391-5150-4491-8F85-236C83C71C96}.Release|Any CPU.ActiveCfg = Release|Any CPU
		{C1FF6391-5150-4491-8F85-236C83C71C96}.Release|Any CPU.Build.0 = Release|Any CPU
		{D63F86FB-CFE3-47A3-A6BB-094F07C7C186}.Debug|Any CPU.ActiveCfg = Debug|Any CPU
		{D63F86FB-CFE3-47A3-A6BB-094F07C7C186}.Debug|Any CPU.Build.0 = Debug|Any CPU
		{D63F86FB-CFE3-47A3-A6BB-094F07C7C186}.Release|Any CPU.ActiveCfg = Release|Any CPU
		{D63F86FB-CFE3-47A3-A6BB-094F07C7C186}.Release|Any CPU.Build.0 = Release|Any CPU
		{0F6B219E-611D-4A73-B52F-3BCC71BA3EB9}.Debug|Any CPU.ActiveCfg = Debug|Any CPU
		{0F6B219E-611D-4A73-B52F-3BCC71BA3EB9}.Debug|Any CPU.Build.0 = Debug|Any CPU
		{0F6B219E-611D-4A73-B52F-3BCC71BA3EB9}.Release|Any CPU.ActiveCfg = Release|Any CPU
		{0F6B219E-611D-4A73-B52F-3BCC71BA3EB9}.Release|Any CPU.Build.0 = Release|Any CPU
		{416223ED-5787-4C34-9780-3F48D29C3013}.Debug|Any CPU.ActiveCfg = Debug|Any CPU
		{416223ED-5787-4C34-9780-3F48D29C3013}.Debug|Any CPU.Build.0 = Debug|Any CPU
		{416223ED-5787-4C34-9780-3F48D29C3013}.Release|Any CPU.ActiveCfg = Release|Any CPU
		{416223ED-5787-4C34-9780-3F48D29C3013}.Release|Any CPU.Build.0 = Release|Any CPU
	EndGlobalSection
	GlobalSection(SolutionProperties) = preSolution
		HideSolutionNode = FALSE
	EndGlobalSection
	GlobalSection(ExtensibilityGlobals) = postSolution
		SolutionGuid = {978EA639-79B2-436D-9F37-8D1283729BEC}
	EndGlobalSection
EndGlobal
